<?xml version="1.0" encoding="utf-8"?>
<Project ToolsVersion="4.0" xmlns="http://schemas.microsoft.com/developer/msbuild/2003">
  <ItemGroup>
    <Filter Include="Source Files">
      <UniqueIdentifier>{4FC737F1-C7A5-4376-A066-2A32D752A2FF}</UniqueIdentifier>
      <Extensions>cpp;c;cc;cxx;def;odl;idl;hpj;bat;asm;asmx</Extensions>
    </Filter>
    <Filter Include="Header Files">
      <UniqueIdentifier>{93995380-89BD-4b04-88EB-625FBE52EBFB}</UniqueIdentifier>
      <Extensions>h;hpp;hxx;hm;inl;inc;xsd</Extensions>
    </Filter>
    <Filter Include="Resource Files">
      <UniqueIdentifier>{67DA6AB6-F800-4c08-8B7A-83BB121AAD01}</UniqueIdentifier>
      <Extensions>rc;ico;cur;bmp;dlg;rc2;rct;bin;rgs;gif;jpg;jpeg;jpe;resx;tiff;tif;png;wav;mfcribbon-ms</Extensions>
    </Filter>
    <Filter Include="Source Files\ThirdParty">
      <UniqueIdentifier>{b980934d-2d97-42f2-973c-6f8184d05f03}</UniqueIdentifier>
    </Filter>
    <Filter Include="Source Files\ThirdParty\TinyXML2">
      <UniqueIdentifier>{d2a4172d-fdba-4df9-9866-7855eef1114e}</UniqueIdentifier>
    </Filter>
  </ItemGroup>
  <ItemGroup>
    <ClCompile Include="Engine\Include\ThirdParty\TinyXML\tinyxml2.cpp">
      <Filter>Source Files\ThirdParty\TinyXML2</Filter>
    </ClCompile>
    <ClCompile Include="Engine\Include\Main.cpp">
      <Filter>Source Files</Filter>
    </ClCompile>
    <ClCompile Include="Engine\Include\ShaderManager.cpp">
      <Filter>Source Files</Filter>
    </ClCompile>
    <ClCompile Include="Engine\Include\FileSystem.cpp">
      <Filter>Source Files</Filter>
    </ClCompile>
    <ClCompile Include="Engine\Include\Mesh.cpp">
      <Filter>Source Files</Filter>
    </ClCompile>
    <ClCompile Include="Engine\Include\Model.cpp">
      <Filter>Source Files</Filter>
    </ClCompile>
    <ClCompile Include="Engine\Include\ManagerModel.cpp">
      <Filter>Source Files</Filter>
    </ClCompile>
    <ClCompile Include="Engine\Include\ManagerRender.cpp">
      <Filter>Source Files</Filter>
    </ClCompile>
  </ItemGroup>
  <ItemGroup>
    <ClInclude Include="Engine\Include\ThirdParty\TinyXML\tinyxml2.h">
      <Filter>Source Files\ThirdParty\TinyXML2</Filter>
    </ClInclude>
    <ClInclude Include="Engine\Include\ShaderManager.h">
      <Filter>Header Files</Filter>
    </ClInclude>
    <ClInclude Include="Engine\Include\FileSystem.h">
      <Filter>Header Files</Filter>
    </ClInclude>
    <ClInclude Include="Engine\Include\Util.h">
      <Filter>Header Files</Filter>
    </ClInclude>
    <ClInclude Include="Engine\Include\Mesh.h">
      <Filter>Header Files</Filter>
    </ClInclude>
    <ClInclude Include="Engine\Include\Model.h">
      <Filter>Header Files</Filter>
    </ClInclude>
    <ClInclude Include="Engine\Include\ManagerModel.h">
      <Filter>Header Files</Filter>
    </ClInclude>
    <ClInclude Include="Engine\Include\ManagerRender.h">
      <Filter>Header Files</Filter>
    </ClInclude>
    <ClInclude Include="Engine\Include\KeyGroup.h">
      <Filter>Header Files</Filter>
    </ClInclude>
  </ItemGroup>
</Project>